
Microsoft Visual Studio Solution File, Format Version 12.00
# Visual Studio 2012
Project("{FAE04EC0-301F-11D3-BF4B-00C04F79EFBC}") = "SecHand", "SecHand\SecHand.csproj", "{C53031CE-FCDB-4A24-948C-FF5C8027B897}"
EndProject
Project("{FAE04EC0-301F-11D3-BF4B-00C04F79EFBC}") = "SecHand.iOS", "iOS\SecHand.iOS.csproj", "{6EBF3E5A-709E-463C-97B2-5BF4898E63F2}"
EndProject
Project("{FAE04EC0-301F-11D3-BF4B-00C04F79EFBC}") = "SecHand.Droid", "Droid\SecHand.Droid.csproj", "{656D9520-18D6-4C4B-A615-36558395DD8D}"
EndProject
Project("{FAE04EC0-301F-11D3-BF4B-00C04F79EFBC}") = "SecHand.CustomMap", "SecHand.CustomMap\SecHand.CustomMap.csproj", "{1C775993-611C-4D6B-ABC4-2639FF2520CC}"
EndProject
Global
	GlobalSection(SolutionConfigurationPlatforms) = preSolution
		Debug|Any CPU = Debug|Any CPU
		Release|Any CPU = Release|Any CPU
		Debug|iPhoneSimulator = Debug|iPhoneSimulator
		Release|iPhone = Release|iPhone
		Release|iPhoneSimulator = Release|iPhoneSimulator
		Debug|iPhone = Debug|iPhone
	EndGlobalSection
	GlobalSection(ProjectConfigurationPlatforms) = postSolution
		{C53031CE-FCDB-4A24-948C-FF5C8027B897}.Debug|Any CPU.ActiveCfg = Debug|Any CPU
		{C53031CE-FCDB-4A24-948C-FF5C8027B897}.Debug|Any CPU.Build.0 = Debug|Any CPU
		{C53031CE-FCDB-4A24-948C-FF5C8027B897}.Release|Any CPU.ActiveCfg = Release|Any CPU
		{C53031CE-FCDB-4A24-948C-FF5C8027B897}.Release|Any CPU.Build.0 = Release|Any CPU
		{C53031CE-FCDB-4A24-948C-FF5C8027B897}.Debug|iPhoneSimulator.ActiveCfg = Debug|Any CPU
		{C53031CE-FCDB-4A24-948C-FF5C8027B897}.Debug|iPhoneSimulator.Build.0 = Debug|Any CPU
		{C53031CE-FCDB-4A24-948C-FF5C8027B897}.Release|iPhone.ActiveCfg = Release|Any CPU
		{C53031CE-FCDB-4A24-948C-FF5C8027B897}.Release|iPhone.Build.0 = Release|Any CPU
		{C53031CE-FCDB-4A24-948C-FF5C8027B897}.Release|iPhoneSimulator.ActiveCfg = Release|Any CPU
		{C53031CE-FCDB-4A24-948C-FF5C8027B897}.Release|iPhoneSimulator.Build.0 = Release|Any CPU
		{C53031CE-FCDB-4A24-948C-FF5C8027B897}.Debug|iPhone.ActiveCfg = Debug|Any CPU
		{C53031CE-FCDB-4A24-948C-FF5C8027B897}.Debug|iPhone.Build.0 = Debug|Any CPU
		{6EBF3E5A-709E-463C-97B2-5BF4898E63F2}.Debug|Any CPU.ActiveCfg = Debug|iPhoneSimulator
		{6EBF3E5A-709E-463C-97B2-5BF4898E63F2}.Debug|Any CPU.Build.0 = Debug|iPhoneSimulator
		{6EBF3E5A-709E-463C-97B2-5BF4898E63F2}.Release|Any CPU.ActiveCfg = Release|iPhone
		{6EBF3E5A-709E-463C-97B2-5BF4898E63F2}.Release|Any CPU.Build.0 = Release|iPhone
		{6EBF3E5A-709E-463C-97B2-5BF4898E63F2}.Debug|iPhoneSimulator.ActiveCfg = Debug|iPhoneSimulator
		{6EBF3E5A-709E-463C-97B2-5BF4898E63F2}.Debug|iPhoneSimulator.Build.0 = Debug|iPhoneSimulator
		{6EBF3E5A-709E-463C-97B2-5BF4898E63F2}.Release|iPhone.ActiveCfg = Release|iPhone
		{6EBF3E5A-709E-463C-97B2-5BF4898E63F2}.Release|iPhone.Build.0 = Release|iPhone
		{6EBF3E5A-709E-463C-97B2-5BF4898E63F2}.Release|iPhoneSimulator.ActiveCfg = Release|iPhoneSimulator
		{6EBF3E5A-709E-463C-97B2-5BF4898E63F2}.Release|iPhoneSimulator.Build.0 = Release|iPhoneSimulator
		{6EBF3E5A-709E-463C-97B2-5BF4898E63F2}.Debug|iPhone.ActiveCfg = Debug|iPhone
		{6EBF3E5A-709E-463C-97B2-5BF4898E63F2}.Debug|iPhone.Build.0 = Debug|iPhone
		{656D9520-18D6-4C4B-A615-36558395DD8D}.Debug|Any CPU.ActiveCfg = Debug|Any CPU
		{656D9520-18D6-4C4B-A615-36558395DD8D}.Debug|Any CPU.Build.0 = Debug|Any CPU
		{656D9520-18D6-4C4B-A615-36558395DD8D}.Release|Any CPU.ActiveCfg = Release|Any CPU
		{656D9520-18D6-4C4B-A615-36558395DD8D}.Release|Any CPU.Build.0 = Release|Any CPU
		{656D9520-18D6-4C4B-A615-36558395DD8D}.Debug|iPhoneSimulator.ActiveCfg = Debug|Any CPU
		{656D9520-18D6-4C4B-A615-36558395DD8D}.Debug|iPhoneSimulator.Build.0 = Debug|Any CPU
		{656D9520-18D6-4C4B-A615-36558395DD8D}.Release|iPhone.ActiveCfg = Release|Any CPU
		{656D9520-18D6-4C4B-A615-36558395DD8D}.Release|iPhone.Build.0 = Release|Any CPU
		{656D9520-18D6-4C4B-A615-36558395DD8D}.Release|iPhoneSimulator.ActiveCfg = Release|Any CPU
		{656D9520-18D6-4C4B-A615-36558395DD8D}.Release|iPhoneSimulator.Build.0 = Release|Any CPU
		{656D9520-18D6-4C4B-A615-36558395DD8D}.Debug|iPhone.ActiveCfg = Debug|Any CPU
		{656D9520-18D6-4C4B-A615-36558395DD8D}.Debug|iPhone.Build.0 = Debug|Any CPU
		{1C775993-611C-4D6B-ABC4-2639FF2520CC}.Debug|Any CPU.ActiveCfg = Debug|Any CPU
		{1C775993-611C-4D6B-ABC4-2639FF2520CC}.Debug|Any CPU.Build.0 = Debug|Any CPU
		{1C775993-611C-4D6B-ABC4-2639FF2520CC}.Release|Any CPU.ActiveCfg = Release|Any CPU
		{1C775993-611C-4D6B-ABC4-2639FF2520CC}.Release|Any CPU.Build.0 = Release|Any CPU
		{1C775993-611C-4D6B-ABC4-2639FF2520CC}.Debug|iPhoneSimulator.ActiveCfg = Debug|Any CPU
		{1C775993-611C-4D6B-ABC4-2639FF2520CC}.Debug|iPhoneSimulator.Build.0 = Debug|Any CPU
		{1C775993-611C-4D6B-ABC4-2639FF2520CC}.Release|iPhone.ActiveCfg = Release|Any CPU
		{1C775993-611C-4D6B-ABC4-2639FF2520CC}.Release|iPhone.Build.0 = Release|Any CPU
		{1C775993-611C-4D6B-ABC4-2639FF2520CC}.Release|iPhoneSimulator.ActiveCfg = Release|Any CPU
		{1C775993-611C-4D6B-ABC4-2639FF2520CC}.Release|iPhoneSimulator.Build.0 = Release|Any CPU
		{1C775993-611C-4D6B-ABC4-2639FF2520CC}.Debug|iPhone.ActiveCfg = Debug|Any CPU
		{1C775993-611C-4D6B-ABC4-2639FF2520CC}.Debug|iPhone.Build.0 = Debug|Any CPU
	EndGlobalSection
EndGlobal
